
Microsoft Visual Studio Solution File, Format Version 12.00
Project("{FAE04EC0-301F-11D3-BF4B-00C04F79EFBC}") = "AspNetCoreSample", "AspNetCoreSample\AspNetCoreSample.csproj", "{AB722C35-B689-4989-A3EF-1A2D5B9F07AA}"
EndProject
Global
	GlobalSection(SolutionConfigurationPlatforms) = preSolution
		Debug|Any CPU = Debug|Any CPU
		Release|Any CPU = Release|Any CPU
	EndGlobalSection
	GlobalSection(ProjectConfigurationPlatforms) = postSolution
		{AB722C35-B689-4989-A3EF-1A2D5B9F07AA}.Debug|Any CPU.ActiveCfg = Debug|Any CPU
		{AB722C35-B689-4989-A3EF-1A2D5B9F07AA}.Debug|Any CPU.Build.0 = Debug|Any CPU
		{AB722C35-B689-4989-A3EF-1A2D5B9F07AA}.Release|Any CPU.ActiveCfg = Release|Any CPU
		{AB722C35-B689-4989-A3EF-1A2D5B9F07AA}.Release|Any CPU.Build.0 = Release|Any CPU
	EndGlobalSection
EndGlobal
